
Microsoft Visual Studio Solution File, Format Version 12.00
# Visual Studio Version 17
VisualStudioVersion = 17.7.34202.233
MinimumVisualStudioVersion = 10.0.40219.1
Project("{FAE04EC0-301F-11D3-BF4B-00C04F79EFBC}") = "HW0_62538", "HW0_62538\HW0_62538.csproj", "{9B02A387-81A5-4C53-B51A-89153350513E}"
EndProject
Global
	GlobalSection(SolutionConfigurationPlatforms) = preSolution
		Debug|Any CPU = Debug|Any CPU
		Release|Any CPU = Release|Any CPU
	EndGlobalSection
	GlobalSection(ProjectConfigurationPlatforms) = postSolution
		{9B02A387-81A5-4C53-B51A-89153350513E}.Debug|Any CPU.ActiveCfg = Debug|Any CPU
		{9B02A387-81A5-4C53-B51A-89153350513E}.Debug|Any CPU.Build.0 = Debug|Any CPU
		{9B02A387-81A5-4C53-B51A-89153350513E}.Release|Any CPU.ActiveCfg = Release|Any CPU
		{9B02A387-81A5-4C53-B51A-89153350513E}.Release|Any CPU.Build.0 = Release|Any CPU
	EndGlobalSection
	GlobalSection(SolutionProperties) = preSolution
		HideSolutionNode = FALSE
	EndGlobalSection
	GlobalSection(ExtensibilityGlobals) = postSolution
		SolutionGuid = {6710C7C5-38AE-4333-8C65-5B089E73D020}
	EndGlobalSection
EndGlobal
